
Microsoft Visual Studio Solution File, Format Version 12.00
# Visual Studio Version 16
VisualStudioVersion = 16.0.31205.134
MinimumVisualStudioVersion = 10.0.40219.1
Project("{FAE04EC0-301F-11D3-BF4B-00C04F79EFBC}") = "ShortcutCleaner", "ShortcutCleaner\ShortcutCleaner.csproj", "{293E7308-E814-4FAE-8C42-09985EE05A2A}"
EndProject
Global
	GlobalSection(SolutionConfigurationPlatforms) = preSolution
		Debug|Any CPU = Debug|Any CPU
		Release|Any CPU = Release|Any CPU
	EndGlobalSection
	GlobalSection(ProjectConfigurationPlatforms) = postSolution
		{293E7308-E814-4FAE-8C42-09985EE05A2A}.Debug|Any CPU.ActiveCfg = Debug|Any CPU
		{293E7308-E814-4FAE-8C42-09985EE05A2A}.Debug|Any CPU.Build.0 = Debug|Any CPU
		{293E7308-E814-4FAE-8C42-09985EE05A2A}.Release|Any CPU.ActiveCfg = Release|Any CPU
		{293E7308-E814-4FAE-8C42-09985EE05A2A}.Release|Any CPU.Build.0 = Release|Any CPU
	EndGlobalSection
	GlobalSection(SolutionProperties) = preSolution
		HideSolutionNode = FALSE
	EndGlobalSection
	GlobalSection(ExtensibilityGlobals) = postSolution
		SolutionGuid = {D4C932B2-146F-4D01-81DA-E8C52D2745A0}
	EndGlobalSection
EndGlobal
